
Microsoft Visual Studio Solution File, Format Version 12.00
# Visual Studio 15
VisualStudioVersion = 15.0.28307.1000
MinimumVisualStudioVersion = 10.0.40219.1
Project("{FAE04EC0-301F-11D3-BF4B-00C04F79EFBC}") = "ObserverPattern", "ObserverPattern\ObserverPattern.csproj", "{A28DF3E0-EA00-4695-8268-C7277A53068D}"
EndProject
Global
	GlobalSection(SolutionConfigurationPlatforms) = preSolution
		Debug|Any CPU = Debug|Any CPU
		Release|Any CPU = Release|Any CPU
	EndGlobalSection
	GlobalSection(ProjectConfigurationPlatforms) = postSolution
		{A28DF3E0-EA00-4695-8268-C7277A53068D}.Debug|Any CPU.ActiveCfg = Debug|Any CPU
		{A28DF3E0-EA00-4695-8268-C7277A53068D}.Debug|Any CPU.Build.0 = Debug|Any CPU
		{A28DF3E0-EA00-4695-8268-C7277A53068D}.Release|Any CPU.ActiveCfg = Release|Any CPU
		{A28DF3E0-EA00-4695-8268-C7277A53068D}.Release|Any CPU.Build.0 = Release|Any CPU
	EndGlobalSection
	GlobalSection(SolutionProperties) = preSolution
		HideSolutionNode = FALSE
	EndGlobalSection
	GlobalSection(ExtensibilityGlobals) = postSolution
		SolutionGuid = {F1143D38-43AF-42AC-B978-83815B50EC05}
	EndGlobalSection
EndGlobal
